PODS:
  - HorizontalCalendarView (0.0.1)

DEPENDENCIES:
  - HorizontalCalendarView (from `.`)

EXTERNAL SOURCES:
  HorizontalCalendarView:
    :path: "."

SPEC CHECKSUMS:
  HorizontalCalendarView: 3eaa716c0d0b45c18e695481e12385b4b567fd76

PODFILE CHECKSUM: 1db37019b03b17f7b04eba98f8752db5dd021753

COCOAPODS: 1.0.0
